
Microsoft Visual Studio Solution File, Format Version 12.00
# Visual Studio Version 16
VisualStudioVersion = 16.0.30011.22
MinimumVisualStudioVersion = 10.0.40219.1
Project("{FAE04EC0-301F-11D3-BF4B-00C04F79EFBC}") = "Demo", "Demo\Demo.csproj", "{BFC39CD9-7C05-43B4-9B80-9BD66A3B7AE2}"
EndProject
Project("{FAE04EC0-301F-11D3-BF4B-00C04F79EFBC}") = "WpfApp1", "WpfApp1\WpfApp1.csproj", "{FEEB73C3-21AE-434E-A812-CBBD3A7C9989}"
EndProject
Global
	GlobalSection(SolutionConfigurationPlatforms) = preSolution
		Debug|Any CPU = Debug|Any CPU
		Release|Any CPU = Release|Any CPU
	EndGlobalSection
	GlobalSection(ProjectConfigurationPlatforms) = postSolution
		{BFC39CD9-7C05-43B4-9B80-9BD66A3B7AE2}.Debug|Any CPU.ActiveCfg = Debug|Any CPU
		{BFC39CD9-7C05-43B4-9B80-9BD66A3B7AE2}.Debug|Any CPU.Build.0 = Debug|Any CPU
		{BFC39CD9-7C05-43B4-9B80-9BD66A3B7AE2}.Release|Any CPU.ActiveCfg = Release|Any CPU
		{BFC39CD9-7C05-43B4-9B80-9BD66A3B7AE2}.Release|Any CPU.Build.0 = Release|Any CPU
		{FEEB73C3-21AE-434E-A812-CBBD3A7C9989}.Debug|Any CPU.ActiveCfg = Debug|Any CPU
		{FEEB73C3-21AE-434E-A812-CBBD3A7C9989}.Debug|Any CPU.Build.0 = Debug|Any CPU
		{FEEB73C3-21AE-434E-A812-CBBD3A7C9989}.Release|Any CPU.ActiveCfg = Release|Any CPU
		{FEEB73C3-21AE-434E-A812-CBBD3A7C9989}.Release|Any CPU.Build.0 = Release|Any CPU
	EndGlobalSection
	GlobalSection(SolutionProperties) = preSolution
		HideSolutionNode = FALSE
	EndGlobalSection
	GlobalSection(ExtensibilityGlobals) = postSolution
		SolutionGuid = {5BD9BA92-1A5A-4786-80FB-715813690C09}
	EndGlobalSection
EndGlobal
